{
  "name": "@shared-tools/http",
  "version": "0.1.0",
  "lockfileVersion": 3,
  "requires": true,
  "packages": {
    "": {
      "name": "@shared-tools/http",
      "version": "0.1.0",
      "dependencies": {
        "nats": "^2.15.1"
      },
      "devDependencies": {
        "typescript": "^4.9.5"
      }
    },
    "node_modules/nats": {
      "version": "2.15.1",
      "resolved": "https://registry.npmjs.org/nats/-/nats-2.15.1.tgz",
      "integrity": "sha512-MMCQXxOLv3dUwh0CRai0RGdMdAHjA3LNOYEAdNkLT8GX4CJFVKlYqkM3K9qVkYhvWwiCUVPHWFSktcrhexSzSw==",
      "dependencies": {
        "nkeys.js": "1.0.5"
      },
      "engines": {
        "node": ">= 14.0.0"
      }
    },
    "node_modules/nkeys.js": {
      "version": "1.0.5",
      "resolved": "https://registry.npmjs.org/nkeys.js/-/nkeys.js-1.0.5.tgz",
      "integrity": "sha512-u25YnRPHiGVsNzwyHnn+PT90sgAhnS8jUJ1nxmkHMFYCJ6+Ic0lv291w7uhRBpJVJ3PH2GWbYqA151lGCRrB5g==",
      "dependencies": {
        "tweetnacl": "1.0.3"
      },
      "engines": {
        "node": ">=10.0.0"
      }
    },
    "node_modules/tweetnacl": {
      "version": "1.0.3",
      "resolved": "https://registry.npmjs.org/tweetnacl/-/tweetnacl-1.0.3.tgz",
      "integrity": "sha512-6rt+RN7aOi1nGMyC4Xa5DdYiukl2UWCbcJft7YhxReBGQD7OAM8Pbxw6YMo4r2diNEA8FEmu32YOn9rhaiE5yw=="
    },
    "node_modules/typescript": {
      "version": "4.9.5",
      "resolved": "https://registry.npmjs.org/typescript/-/typescript-4.9.5.tgz",
      "integrity": "sha512-1FXk9E2Hm+QzZQ7z+McJiHL4NW1F2EzMu9Nq9i3zAaGqibafqYwCVU6WyWAuyQRRzOlxou8xZSyXLEN8oKj24g==",
      "dev": true,
      "bin": {
        "tsc": "bin/tsc",
        "tsserver": "bin/tsserver"
      },
      "engines": {
        "node": ">=4.2.0"
      }
    }
  }
}
